{
  "name": "reactiondiffusion",
  "version": "1.0.0",
  "lockfileVersion": 3,
  "requires": true,
  "packages": {
    "": {
      "name": "reactiondiffusion",
      "version": "1.0.0",
      "license": "MIT",
      "devDependencies": {
        "@webgpu/types": "^0.1.46"
      }
    },
    "node_modules/@webgpu/types": {
      "version": "0.1.46",
      "resolved": "https://registry.npmjs.org/@webgpu/types/-/types-0.1.46.tgz",
      "integrity": "sha512-2iogO6Zh0pTbKLGZuuGWEmJpF/fTABGs7G9wXxpn7s24XSJchSUIiMqIJHURi5zsMZRRTuXrV/3GLOkmOFjq5w==",
      "dev": true,
      "license": "BSD-3-Clause"
    }
  }
}
